
Microsoft Visual Studio Solution File, Format Version 12.00
# Visual Studio Version 16
VisualStudioVersion = 16.0.31702.278
MinimumVisualStudioVersion = 10.0.40219.1
Project("{FAE04EC0-301F-11D3-BF4B-00C04F79EFBC}") = "Hwork16", "Hwork16\Hwork16.csproj", "{322AC0E7-9E6F-4BDE-95A0-426765C44222}"
EndProject
Project("{FAE04EC0-301F-11D3-BF4B-00C04F79EFBC}") = "Hwork16.2", "Hwork16.2\Hwork16.2.csproj", "{BCAD30CC-1FC6-4448-B636-19DF5943164A}"
EndProject
Global
	GlobalSection(SolutionConfigurationPlatforms) = preSolution
		Debug|Any CPU = Debug|Any CPU
		Release|Any CPU = Release|Any CPU
	EndGlobalSection
	GlobalSection(ProjectConfigurationPlatforms) = postSolution
		{322AC0E7-9E6F-4BDE-95A0-426765C44222}.Debug|Any CPU.ActiveCfg = Debug|Any CPU
		{322AC0E7-9E6F-4BDE-95A0-426765C44222}.Debug|Any CPU.Build.0 = Debug|Any CPU
		{322AC0E7-9E6F-4BDE-95A0-426765C44222}.Release|Any CPU.ActiveCfg = Release|Any CPU
		{322AC0E7-9E6F-4BDE-95A0-426765C44222}.Release|Any CPU.Build.0 = Release|Any CPU
		{BCAD30CC-1FC6-4448-B636-19DF5943164A}.Debug|Any CPU.ActiveCfg = Debug|Any CPU
		{BCAD30CC-1FC6-4448-B636-19DF5943164A}.Debug|Any CPU.Build.0 = Debug|Any CPU
		{BCAD30CC-1FC6-4448-B636-19DF5943164A}.Release|Any CPU.ActiveCfg = Release|Any CPU
		{BCAD30CC-1FC6-4448-B636-19DF5943164A}.Release|Any CPU.Build.0 = Release|Any CPU
	EndGlobalSection
	GlobalSection(SolutionProperties) = preSolution
		HideSolutionNode = FALSE
	EndGlobalSection
	GlobalSection(ExtensibilityGlobals) = postSolution
		SolutionGuid = {7AD967CA-8B51-4A43-BB29-1C6FB880AF4F}
	EndGlobalSection
EndGlobal
